
Microsoft Visual Studio Solution File, Format Version 12.00
# Visual Studio 15
VisualStudioVersion = 15.0.26124.0
MinimumVisualStudioVersion = 15.0.26124.0
Project("{2150E333-8FDC-42A3-9474-1A3956D46DE8}") = "src", "src", "{F48631A2-4454-406E-81D2-E29B191EC07C}"
EndProject
Project("{FAE04EC0-301F-11D3-BF4B-00C04F79EFBC}") = "Jhipster", "src\Jhipster\Jhipster.csproj", "{F0C42373-8578-49F8-8A74-125AA60967AB}"
EndProject
Project("{2150E333-8FDC-42A3-9474-1A3956D46DE8}") = "test", "test", "{1E8AC769-E4C3-48F4-BC15-AF49D8F334CE}"
EndProject
Project("{FAE04EC0-301F-11D3-BF4B-00C04F79EFBC}") = "Jhipster.Test", "test\Jhipster.Test\Jhipster.Test.csproj", "{AA87706F-4BC4-4547-92AA-DF982E4C98AC}"
EndProject
Project("{FAE04EC0-301F-11D3-BF4B-00C04F79EFBC}") = "Jhipster.Crosscutting", "src\Jhipster.Crosscutting\Jhipster.Crosscutting.csproj", "{0C2763F1-A1D7-4987-BB02-67B345FC7D9B}"
EndProject
Project("{FAE04EC0-301F-11D3-BF4B-00C04F79EFBC}") = "Jhipster.Domain", "src\Jhipster.Domain\Jhipster.Domain.csproj", "{F56CF86A-D92A-4377-AD37-2839DA202305}"
EndProject
Project("{FAE04EC0-301F-11D3-BF4B-00C04F79EFBC}") = "Jhipster.Dto", "src\Jhipster.Dto\Jhipster.Dto.csproj", "{301BBAB1-08E9-4D65-8E6E-190BBB24B93C}"
EndProject
Project("{FAE04EC0-301F-11D3-BF4B-00C04F79EFBC}") = "Jhipster.Domain.Services", "src\Jhipster.Domain.Services\Jhipster.Domain.Services.csproj", "{E2D6AC5A-0E13-4713-B8B1-AF47D984833A}"
EndProject
Project("{FAE04EC0-301F-11D3-BF4B-00C04F79EFBC}") = "Jhipster.Infrastructure", "src\Jhipster.Infrastructure\Jhipster.Infrastructure.csproj", "{1FDB2774-3037-4FD3-9F63-48F108137B7A}"
EndProject
Project("{2150E333-8FDC-42A3-9474-1A3956D46DE8}") = "client", "client", "{82BCFFBC-9D6B-4B0B-B105-C15C52B496BA}"
EndProject
Project("{FAE04EC0-301F-11D3-BF4B-00C04F79EFBC}") = "Jhipster.Client", "src\client\Jhipster.Client\Jhipster.Client.csproj", "{AB06A8B0-EE6F-4566-AE16-84A0A1B1C172}"
EndProject
Project("{FAE04EC0-301F-11D3-BF4B-00C04F79EFBC}") = "Jhipster.Client.Shared", "src\client\Jhipster.Client.Shared\Jhipster.Client.Shared.csproj", "{0E3B5F98-509D-4DA3-BE85-0D53EEDF4EF5}"
EndProject
Project("{FAE04EC0-301F-11D3-BF4B-00C04F79EFBC}") = "Jhipster.Client.Test", "test\Jhipster.Client.Test\Jhipster.Client.Test.csproj", "{5E16A682-61ED-4675-BF8D-476D7056F62D}"
EndProject
Global
	GlobalSection(SolutionConfigurationPlatforms) = preSolution
		Debug|Any CPU = Debug|Any CPU
		Debug|x64 = Debug|x64
		Debug|x86 = Debug|x86
		Release|Any CPU = Release|Any CPU
		Release|x64 = Release|x64
		Release|x86 = Release|x86
	EndGlobalSection
	GlobalSection(SolutionProperties) = preSolution
		HideSolutionNode = FALSE
	EndGlobalSection
	GlobalSection(ProjectConfigurationPlatforms) = postSolution
		{F0C42373-8578-49F8-8A74-125AA60967AB}.Debug|Any CPU.ActiveCfg = Debug|Any CPU
		{F0C42373-8578-49F8-8A74-125AA60967AB}.Debug|Any CPU.Build.0 = Debug|Any CPU
		{F0C42373-8578-49F8-8A74-125AA60967AB}.Debug|x64.ActiveCfg = Debug|Any CPU
		{F0C42373-8578-49F8-8A74-125AA60967AB}.Debug|x64.Build.0 = Debug|Any CPU
		{F0C42373-8578-49F8-8A74-125AA60967AB}.Debug|x86.ActiveCfg = Debug|Any CPU
		{F0C42373-8578-49F8-8A74-125AA60967AB}.Debug|x86.Build.0 = Debug|Any CPU
		{F0C42373-8578-49F8-8A74-125AA60967AB}.Release|Any CPU.ActiveCfg = Release|Any CPU
		{F0C42373-8578-49F8-8A74-125AA60967AB}.Release|Any CPU.Build.0 = Release|Any CPU
		{F0C42373-8578-49F8-8A74-125AA60967AB}.Release|x64.ActiveCfg = Release|Any CPU
		{F0C42373-8578-49F8-8A74-125AA60967AB}.Release|x64.Build.0 = Release|Any CPU
		{F0C42373-8578-49F8-8A74-125AA60967AB}.Release|x86.ActiveCfg = Release|Any CPU
		{F0C42373-8578-49F8-8A74-125AA60967AB}.Release|x86.Build.0 = Release|Any CPU
		{AA87706F-4BC4-4547-92AA-DF982E4C98AC}.Debug|Any CPU.ActiveCfg = Debug|Any CPU
		{AA87706F-4BC4-4547-92AA-DF982E4C98AC}.Debug|Any CPU.Build.0 = Debug|Any CPU
		{AA87706F-4BC4-4547-92AA-DF982E4C98AC}.Debug|x64.ActiveCfg = Debug|Any CPU
		{AA87706F-4BC4-4547-92AA-DF982E4C98AC}.Debug|x64.Build.0 = Debug|Any CPU
		{AA87706F-4BC4-4547-92AA-DF982E4C98AC}.Debug|x86.ActiveCfg = Debug|Any CPU
		{AA87706F-4BC4-4547-92AA-DF982E4C98AC}.Debug|x86.Build.0 = Debug|Any CPU
		{AA87706F-4BC4-4547-92AA-DF982E4C98AC}.Release|Any CPU.ActiveCfg = Release|Any CPU
		{AA87706F-4BC4-4547-92AA-DF982E4C98AC}.Release|Any CPU.Build.0 = Release|Any CPU
		{AA87706F-4BC4-4547-92AA-DF982E4C98AC}.Release|x64.ActiveCfg = Release|Any CPU
		{AA87706F-4BC4-4547-92AA-DF982E4C98AC}.Release|x64.Build.0 = Release|Any CPU
		{AA87706F-4BC4-4547-92AA-DF982E4C98AC}.Release|x86.ActiveCfg = Release|Any CPU
		{AA87706F-4BC4-4547-92AA-DF982E4C98AC}.Release|x86.Build.0 = Release|Any CPU
		{0C2763F1-A1D7-4987-BB02-67B345FC7D9B}.Debug|Any CPU.ActiveCfg = Debug|Any CPU
		{0C2763F1-A1D7-4987-BB02-67B345FC7D9B}.Debug|Any CPU.Build.0 = Debug|Any CPU
		{0C2763F1-A1D7-4987-BB02-67B345FC7D9B}.Debug|x64.ActiveCfg = Debug|Any CPU
		{0C2763F1-A1D7-4987-BB02-67B345FC7D9B}.Debug|x64.Build.0 = Debug|Any CPU
		{0C2763F1-A1D7-4987-BB02-67B345FC7D9B}.Debug|x86.ActiveCfg = Debug|Any CPU
		{0C2763F1-A1D7-4987-BB02-67B345FC7D9B}.Debug|x86.Build.0 = Debug|Any CPU
		{0C2763F1-A1D7-4987-BB02-67B345FC7D9B}.Release|Any CPU.ActiveCfg = Release|Any CPU
		{0C2763F1-A1D7-4987-BB02-67B345FC7D9B}.Release|Any CPU.Build.0 = Release|Any CPU
		{0C2763F1-A1D7-4987-BB02-67B345FC7D9B}.Release|x64.ActiveCfg = Release|Any CPU
		{0C2763F1-A1D7-4987-BB02-67B345FC7D9B}.Release|x64.Build.0 = Release|Any CPU
		{0C2763F1-A1D7-4987-BB02-67B345FC7D9B}.Release|x86.ActiveCfg = Release|Any CPU
		{0C2763F1-A1D7-4987-BB02-67B345FC7D9B}.Release|x86.Build.0 = Release|Any CPU
		{F56CF86A-D92A-4377-AD37-2839DA202305}.Debug|Any CPU.ActiveCfg = Debug|Any CPU
		{F56CF86A-D92A-4377-AD37-2839DA202305}.Debug|Any CPU.Build.0 = Debug|Any CPU
		{F56CF86A-D92A-4377-AD37-2839DA202305}.Debug|x64.ActiveCfg = Debug|Any CPU
		{F56CF86A-D92A-4377-AD37-2839DA202305}.Debug|x64.Build.0 = Debug|Any CPU
		{F56CF86A-D92A-4377-AD37-2839DA202305}.Debug|x86.ActiveCfg = Debug|Any CPU
		{F56CF86A-D92A-4377-AD37-2839DA202305}.Debug|x86.Build.0 = Debug|Any CPU
		{F56CF86A-D92A-4377-AD37-2839DA202305}.Release|Any CPU.ActiveCfg = Release|Any CPU
		{F56CF86A-D92A-4377-AD37-2839DA202305}.Release|Any CPU.Build.0 = Release|Any CPU
		{F56CF86A-D92A-4377-AD37-2839DA202305}.Release|x64.ActiveCfg = Release|Any CPU
		{F56CF86A-D92A-4377-AD37-2839DA202305}.Release|x64.Build.0 = Release|Any CPU
		{F56CF86A-D92A-4377-AD37-2839DA202305}.Release|x86.ActiveCfg = Release|Any CPU
		{F56CF86A-D92A-4377-AD37-2839DA202305}.Release|x86.Build.0 = Release|Any CPU
		{301BBAB1-08E9-4D65-8E6E-190BBB24B93C}.Debug|Any CPU.ActiveCfg = Debug|Any CPU
		{301BBAB1-08E9-4D65-8E6E-190BBB24B93C}.Debug|Any CPU.Build.0 = Debug|Any CPU
		{301BBAB1-08E9-4D65-8E6E-190BBB24B93C}.Debug|x64.ActiveCfg = Debug|Any CPU
		{301BBAB1-08E9-4D65-8E6E-190BBB24B93C}.Debug|x64.Build.0 = Debug|Any CPU
		{301BBAB1-08E9-4D65-8E6E-190BBB24B93C}.Debug|x86.ActiveCfg = Debug|Any CPU
		{301BBAB1-08E9-4D65-8E6E-190BBB24B93C}.Debug|x86.Build.0 = Debug|Any CPU
		{301BBAB1-08E9-4D65-8E6E-190BBB24B93C}.Release|Any CPU.ActiveCfg = Release|Any CPU
		{301BBAB1-08E9-4D65-8E6E-190BBB24B93C}.Release|Any CPU.Build.0 = Release|Any CPU
		{301BBAB1-08E9-4D65-8E6E-190BBB24B93C}.Release|x64.ActiveCfg = Release|Any CPU
		{301BBAB1-08E9-4D65-8E6E-190BBB24B93C}.Release|x64.Build.0 = Release|Any CPU
		{301BBAB1-08E9-4D65-8E6E-190BBB24B93C}.Release|x86.ActiveCfg = Release|Any CPU
		{301BBAB1-08E9-4D65-8E6E-190BBB24B93C}.Release|x86.Build.0 = Release|Any CPU
		{E2D6AC5A-0E13-4713-B8B1-AF47D984833A}.Debug|Any CPU.ActiveCfg = Debug|Any CPU
		{E2D6AC5A-0E13-4713-B8B1-AF47D984833A}.Debug|Any CPU.Build.0 = Debug|Any CPU
		{E2D6AC5A-0E13-4713-B8B1-AF47D984833A}.Debug|x64.ActiveCfg = Debug|Any CPU
		{E2D6AC5A-0E13-4713-B8B1-AF47D984833A}.Debug|x64.Build.0 = Debug|Any CPU
		{E2D6AC5A-0E13-4713-B8B1-AF47D984833A}.Debug|x86.ActiveCfg = Debug|Any CPU
		{E2D6AC5A-0E13-4713-B8B1-AF47D984833A}.Debug|x86.Build.0 = Debug|Any CPU
		{E2D6AC5A-0E13-4713-B8B1-AF47D984833A}.Release|Any CPU.ActiveCfg = Release|Any CPU
		{E2D6AC5A-0E13-4713-B8B1-AF47D984833A}.Release|Any CPU.Build.0 = Release|Any CPU
		{E2D6AC5A-0E13-4713-B8B1-AF47D984833A}.Release|x64.ActiveCfg = Release|Any CPU
		{E2D6AC5A-0E13-4713-B8B1-AF47D984833A}.Release|x64.Build.0 = Release|Any CPU
		{E2D6AC5A-0E13-4713-B8B1-AF47D984833A}.Release|x86.ActiveCfg = Release|Any CPU
		{E2D6AC5A-0E13-4713-B8B1-AF47D984833A}.Release|x86.Build.0 = Release|Any CPU
		{1FDB2774-3037-4FD3-9F63-48F108137B7A}.Debug|Any CPU.ActiveCfg = Debug|Any CPU
		{1FDB2774-3037-4FD3-9F63-48F108137B7A}.Debug|Any CPU.Build.0 = Debug|Any CPU
		{1FDB2774-3037-4FD3-9F63-48F108137B7A}.Debug|x64.ActiveCfg = Debug|Any CPU
		{1FDB2774-3037-4FD3-9F63-48F108137B7A}.Debug|x64.Build.0 = Debug|Any CPU
		{1FDB2774-3037-4FD3-9F63-48F108137B7A}.Debug|x86.ActiveCfg = Debug|Any CPU
		{1FDB2774-3037-4FD3-9F63-48F108137B7A}.Debug|x86.Build.0 = Debug|Any CPU
		{1FDB2774-3037-4FD3-9F63-48F108137B7A}.Release|Any CPU.ActiveCfg = Release|Any CPU
		{1FDB2774-3037-4FD3-9F63-48F108137B7A}.Release|Any CPU.Build.0 = Release|Any CPU
		{1FDB2774-3037-4FD3-9F63-48F108137B7A}.Release|x64.ActiveCfg = Release|Any CPU
		{1FDB2774-3037-4FD3-9F63-48F108137B7A}.Release|x64.Build.0 = Release|Any CPU
		{1FDB2774-3037-4FD3-9F63-48F108137B7A}.Release|x86.ActiveCfg = Release|Any CPU
		{1FDB2774-3037-4FD3-9F63-48F108137B7A}.Release|x86.Build.0 = Release|Any CPU
		{AB06A8B0-EE6F-4566-AE16-84A0A1B1C172}.Debug|Any CPU.ActiveCfg = Debug|Any CPU
		{AB06A8B0-EE6F-4566-AE16-84A0A1B1C172}.Debug|Any CPU.Build.0 = Debug|Any CPU
		{AB06A8B0-EE6F-4566-AE16-84A0A1B1C172}.Debug|x64.ActiveCfg = Debug|Any CPU
		{AB06A8B0-EE6F-4566-AE16-84A0A1B1C172}.Debug|x64.Build.0 = Debug|Any CPU
		{AB06A8B0-EE6F-4566-AE16-84A0A1B1C172}.Debug|x86.ActiveCfg = Debug|Any CPU
		{AB06A8B0-EE6F-4566-AE16-84A0A1B1C172}.Debug|x86.Build.0 = Debug|Any CPU
		{AB06A8B0-EE6F-4566-AE16-84A0A1B1C172}.Release|Any CPU.ActiveCfg = Release|Any CPU
		{AB06A8B0-EE6F-4566-AE16-84A0A1B1C172}.Release|Any CPU.Build.0 = Release|Any CPU
		{AB06A8B0-EE6F-4566-AE16-84A0A1B1C172}.Release|x64.ActiveCfg = Release|Any CPU
		{AB06A8B0-EE6F-4566-AE16-84A0A1B1C172}.Release|x64.Build.0 = Release|Any CPU
		{AB06A8B0-EE6F-4566-AE16-84A0A1B1C172}.Release|x86.ActiveCfg = Release|Any CPU
		{AB06A8B0-EE6F-4566-AE16-84A0A1B1C172}.Release|x86.Build.0 = Release|Any CPU
		{0E3B5F98-509D-4DA3-BE85-0D53EEDF4EF5}.Debug|Any CPU.ActiveCfg = Debug|Any CPU
		{0E3B5F98-509D-4DA3-BE85-0D53EEDF4EF5}.Debug|Any CPU.Build.0 = Debug|Any CPU
		{0E3B5F98-509D-4DA3-BE85-0D53EEDF4EF5}.Debug|x64.ActiveCfg = Debug|Any CPU
		{0E3B5F98-509D-4DA3-BE85-0D53EEDF4EF5}.Debug|x64.Build.0 = Debug|Any CPU
		{0E3B5F98-509D-4DA3-BE85-0D53EEDF4EF5}.Debug|x86.ActiveCfg = Debug|Any CPU
		{0E3B5F98-509D-4DA3-BE85-0D53EEDF4EF5}.Debug|x86.Build.0 = Debug|Any CPU
		{0E3B5F98-509D-4DA3-BE85-0D53EEDF4EF5}.Release|Any CPU.ActiveCfg = Release|Any CPU
		{0E3B5F98-509D-4DA3-BE85-0D53EEDF4EF5}.Release|Any CPU.Build.0 = Release|Any CPU
		{0E3B5F98-509D-4DA3-BE85-0D53EEDF4EF5}.Release|x64.ActiveCfg = Release|Any CPU
		{0E3B5F98-509D-4DA3-BE85-0D53EEDF4EF5}.Release|x64.Build.0 = Release|Any CPU
		{0E3B5F98-509D-4DA3-BE85-0D53EEDF4EF5}.Release|x86.ActiveCfg = Release|Any CPU
		{0E3B5F98-509D-4DA3-BE85-0D53EEDF4EF5}.Release|x86.Build.0 = Release|Any CPU
		{5E16A682-61ED-4675-BF8D-476D7056F62D}.Debug|Any CPU.ActiveCfg = Debug|Any CPU
		{5E16A682-61ED-4675-BF8D-476D7056F62D}.Debug|Any CPU.Build.0 = Debug|Any CPU
		{5E16A682-61ED-4675-BF8D-476D7056F62D}.Debug|x64.ActiveCfg = Debug|Any CPU
		{5E16A682-61ED-4675-BF8D-476D7056F62D}.Debug|x64.Build.0 = Debug|Any CPU
		{5E16A682-61ED-4675-BF8D-476D7056F62D}.Debug|x86.ActiveCfg = Debug|Any CPU
		{5E16A682-61ED-4675-BF8D-476D7056F62D}.Debug|x86.Build.0 = Debug|Any CPU
		{5E16A682-61ED-4675-BF8D-476D7056F62D}.Release|Any CPU.ActiveCfg = Release|Any CPU
		{5E16A682-61ED-4675-BF8D-476D7056F62D}.Release|Any CPU.Build.0 = Release|Any CPU
		{5E16A682-61ED-4675-BF8D-476D7056F62D}.Release|x64.ActiveCfg = Release|Any CPU
		{5E16A682-61ED-4675-BF8D-476D7056F62D}.Release|x64.Build.0 = Release|Any CPU
		{5E16A682-61ED-4675-BF8D-476D7056F62D}.Release|x86.ActiveCfg = Release|Any CPU
		{5E16A682-61ED-4675-BF8D-476D7056F62D}.Release|x86.Build.0 = Release|Any CPU
	EndGlobalSection
	GlobalSection(NestedProjects) = preSolution
		{F0C42373-8578-49F8-8A74-125AA60967AB} = {F48631A2-4454-406E-81D2-E29B191EC07C}
		{AA87706F-4BC4-4547-92AA-DF982E4C98AC} = {1E8AC769-E4C3-48F4-BC15-AF49D8F334CE}
		{0C2763F1-A1D7-4987-BB02-67B345FC7D9B} = {F48631A2-4454-406E-81D2-E29B191EC07C}
		{F56CF86A-D92A-4377-AD37-2839DA202305} = {F48631A2-4454-406E-81D2-E29B191EC07C}
		{301BBAB1-08E9-4D65-8E6E-190BBB24B93C} = {F48631A2-4454-406E-81D2-E29B191EC07C}
		{E2D6AC5A-0E13-4713-B8B1-AF47D984833A} = {F48631A2-4454-406E-81D2-E29B191EC07C}
		{1FDB2774-3037-4FD3-9F63-48F108137B7A} = {F48631A2-4454-406E-81D2-E29B191EC07C}
		{82BCFFBC-9D6B-4B0B-B105-C15C52B496BA} = {F48631A2-4454-406E-81D2-E29B191EC07C}
		{AB06A8B0-EE6F-4566-AE16-84A0A1B1C172} = {82BCFFBC-9D6B-4B0B-B105-C15C52B496BA}
		{0E3B5F98-509D-4DA3-BE85-0D53EEDF4EF5} = {82BCFFBC-9D6B-4B0B-B105-C15C52B496BA}
		{5E16A682-61ED-4675-BF8D-476D7056F62D} = {1E8AC769-E4C3-48F4-BC15-AF49D8F334CE}
	EndGlobalSection
EndGlobal
