
Microsoft Visual Studio Solution File, Format Version 12.00
# Visual Studio Version 17
VisualStudioVersion = 17.0.31903.59
MinimumVisualStudioVersion = 10.0.40219.1
Project("{2150E333-8FDC-42A3-9474-1A3956D46DE8}") = "src", "src", "{EA218475-F90E-400D-B13A-5EC8872AEAC5}"
EndProject
Project("{FAE04EC0-301F-11D3-BF4B-00C04F79EFBC}") = "Jhipster", "src\Jhipster\Jhipster.csproj", "{320FE36F-5385-4E41-9555-B82FF24A1182}"
EndProject
Project("{2150E333-8FDC-42A3-9474-1A3956D46DE8}") = "test", "test", "{EC7EF841-2945-40E0-9CB3-0FF807FC2B6E}"
EndProject
Project("{FAE04EC0-301F-11D3-BF4B-00C04F79EFBC}") = "Jhipster.Test", "test\Jhipster.Test\Jhipster.Test.csproj", "{67E3499F-E005-4C6E-A156-C1A80647E143}"
EndProject
Project("{FAE04EC0-301F-11D3-BF4B-00C04F79EFBC}") = "Jhipster.Crosscutting", "src\Jhipster.Crosscutting\Jhipster.Crosscutting.csproj", "{30209C6F-9A88-49F8-BC46-506BE10E496D}"
EndProject
Project("{FAE04EC0-301F-11D3-BF4B-00C04F79EFBC}") = "Jhipster.Domain", "src\Jhipster.Domain\Jhipster.Domain.csproj", "{674D940E-0318-48FF-A5B4-A85BEE190BCB}"
EndProject
Project("{FAE04EC0-301F-11D3-BF4B-00C04F79EFBC}") = "Jhipster.Dto", "src\Jhipster.Dto\Jhipster.Dto.csproj", "{805D424C-AB8C-47D1-8827-B131A69B5240}"
EndProject
Project("{FAE04EC0-301F-11D3-BF4B-00C04F79EFBC}") = "Jhipster.Domain.Services", "src\Jhipster.Domain.Services\Jhipster.Domain.Services.csproj", "{880C749C-8A59-4140-BDBF-EC0053DFECB4}"
EndProject
Project("{FAE04EC0-301F-11D3-BF4B-00C04F79EFBC}") = "Jhipster.Infrastructure", "src\Jhipster.Infrastructure\Jhipster.Infrastructure.csproj", "{38049565-5878-4DD9-BAA2-4B259004BAD9}"
EndProject
Project("{2150E333-8FDC-42A3-9474-1A3956D46DE8}") = "client", "client", "{5AB1155F-9669-4DFD-B92E-C00D8C15373D}"
EndProject
Project("{FAE04EC0-301F-11D3-BF4B-00C04F79EFBC}") = "Jhipster.Client", "src\client\Jhipster.Client\Jhipster.Client.csproj", "{76743919-DF32-457F-A8AF-9E9BFBB27401}"
EndProject
Project("{FAE04EC0-301F-11D3-BF4B-00C04F79EFBC}") = "Jhipster.Client.Shared", "src\client\Jhipster.Client.Shared\Jhipster.Client.Shared.csproj", "{AF8FB7A5-30B3-4899-92DD-50E2C986386B}"
EndProject
Project("{FAE04EC0-301F-11D3-BF4B-00C04F79EFBC}") = "Jhipster.Client.Test", "test\Jhipster.Client.Test\Jhipster.Client.Test.csproj", "{EABD25CC-5727-455F-88A5-56FA3E252F48}"
EndProject
Global
	GlobalSection(SolutionConfigurationPlatforms) = preSolution
		Debug|Any CPU = Debug|Any CPU
		Release|Any CPU = Release|Any CPU
	EndGlobalSection
	GlobalSection(SolutionProperties) = preSolution
		HideSolutionNode = FALSE
	EndGlobalSection
	GlobalSection(ProjectConfigurationPlatforms) = postSolution
		{320FE36F-5385-4E41-9555-B82FF24A1182}.Debug|Any CPU.ActiveCfg = Debug|Any CPU
		{320FE36F-5385-4E41-9555-B82FF24A1182}.Debug|Any CPU.Build.0 = Debug|Any CPU
		{320FE36F-5385-4E41-9555-B82FF24A1182}.Release|Any CPU.ActiveCfg = Release|Any CPU
		{320FE36F-5385-4E41-9555-B82FF24A1182}.Release|Any CPU.Build.0 = Release|Any CPU
		{67E3499F-E005-4C6E-A156-C1A80647E143}.Debug|Any CPU.ActiveCfg = Debug|Any CPU
		{67E3499F-E005-4C6E-A156-C1A80647E143}.Debug|Any CPU.Build.0 = Debug|Any CPU
		{67E3499F-E005-4C6E-A156-C1A80647E143}.Release|Any CPU.ActiveCfg = Release|Any CPU
		{67E3499F-E005-4C6E-A156-C1A80647E143}.Release|Any CPU.Build.0 = Release|Any CPU
		{30209C6F-9A88-49F8-BC46-506BE10E496D}.Debug|Any CPU.ActiveCfg = Debug|Any CPU
		{30209C6F-9A88-49F8-BC46-506BE10E496D}.Debug|Any CPU.Build.0 = Debug|Any CPU
		{30209C6F-9A88-49F8-BC46-506BE10E496D}.Release|Any CPU.ActiveCfg = Release|Any CPU
		{30209C6F-9A88-49F8-BC46-506BE10E496D}.Release|Any CPU.Build.0 = Release|Any CPU
		{674D940E-0318-48FF-A5B4-A85BEE190BCB}.Debug|Any CPU.ActiveCfg = Debug|Any CPU
		{674D940E-0318-48FF-A5B4-A85BEE190BCB}.Debug|Any CPU.Build.0 = Debug|Any CPU
		{674D940E-0318-48FF-A5B4-A85BEE190BCB}.Release|Any CPU.ActiveCfg = Release|Any CPU
		{674D940E-0318-48FF-A5B4-A85BEE190BCB}.Release|Any CPU.Build.0 = Release|Any CPU
		{805D424C-AB8C-47D1-8827-B131A69B5240}.Debug|Any CPU.ActiveCfg = Debug|Any CPU
		{805D424C-AB8C-47D1-8827-B131A69B5240}.Debug|Any CPU.Build.0 = Debug|Any CPU
		{805D424C-AB8C-47D1-8827-B131A69B5240}.Release|Any CPU.ActiveCfg = Release|Any CPU
		{805D424C-AB8C-47D1-8827-B131A69B5240}.Release|Any CPU.Build.0 = Release|Any CPU
		{880C749C-8A59-4140-BDBF-EC0053DFECB4}.Debug|Any CPU.ActiveCfg = Debug|Any CPU
		{880C749C-8A59-4140-BDBF-EC0053DFECB4}.Debug|Any CPU.Build.0 = Debug|Any CPU
		{880C749C-8A59-4140-BDBF-EC0053DFECB4}.Release|Any CPU.ActiveCfg = Release|Any CPU
		{880C749C-8A59-4140-BDBF-EC0053DFECB4}.Release|Any CPU.Build.0 = Release|Any CPU
		{38049565-5878-4DD9-BAA2-4B259004BAD9}.Debug|Any CPU.ActiveCfg = Debug|Any CPU
		{38049565-5878-4DD9-BAA2-4B259004BAD9}.Debug|Any CPU.Build.0 = Debug|Any CPU
		{38049565-5878-4DD9-BAA2-4B259004BAD9}.Release|Any CPU.ActiveCfg = Release|Any CPU
		{38049565-5878-4DD9-BAA2-4B259004BAD9}.Release|Any CPU.Build.0 = Release|Any CPU
		{76743919-DF32-457F-A8AF-9E9BFBB27401}.Debug|Any CPU.ActiveCfg = Debug|Any CPU
		{76743919-DF32-457F-A8AF-9E9BFBB27401}.Debug|Any CPU.Build.0 = Debug|Any CPU
		{76743919-DF32-457F-A8AF-9E9BFBB27401}.Release|Any CPU.ActiveCfg = Release|Any CPU
		{76743919-DF32-457F-A8AF-9E9BFBB27401}.Release|Any CPU.Build.0 = Release|Any CPU
		{AF8FB7A5-30B3-4899-92DD-50E2C986386B}.Debug|Any CPU.ActiveCfg = Debug|Any CPU
		{AF8FB7A5-30B3-4899-92DD-50E2C986386B}.Debug|Any CPU.Build.0 = Debug|Any CPU
		{AF8FB7A5-30B3-4899-92DD-50E2C986386B}.Release|Any CPU.ActiveCfg = Release|Any CPU
		{AF8FB7A5-30B3-4899-92DD-50E2C986386B}.Release|Any CPU.Build.0 = Release|Any CPU
		{EABD25CC-5727-455F-88A5-56FA3E252F48}.Debug|Any CPU.ActiveCfg = Debug|Any CPU
		{EABD25CC-5727-455F-88A5-56FA3E252F48}.Debug|Any CPU.Build.0 = Debug|Any CPU
		{EABD25CC-5727-455F-88A5-56FA3E252F48}.Release|Any CPU.ActiveCfg = Release|Any CPU
		{EABD25CC-5727-455F-88A5-56FA3E252F48}.Release|Any CPU.Build.0 = Release|Any CPU
	EndGlobalSection
	GlobalSection(NestedProjects) = preSolution
		{320FE36F-5385-4E41-9555-B82FF24A1182} = {EA218475-F90E-400D-B13A-5EC8872AEAC5}
		{67E3499F-E005-4C6E-A156-C1A80647E143} = {EC7EF841-2945-40E0-9CB3-0FF807FC2B6E}
		{30209C6F-9A88-49F8-BC46-506BE10E496D} = {EA218475-F90E-400D-B13A-5EC8872AEAC5}
		{674D940E-0318-48FF-A5B4-A85BEE190BCB} = {EA218475-F90E-400D-B13A-5EC8872AEAC5}
		{805D424C-AB8C-47D1-8827-B131A69B5240} = {EA218475-F90E-400D-B13A-5EC8872AEAC5}
		{880C749C-8A59-4140-BDBF-EC0053DFECB4} = {EA218475-F90E-400D-B13A-5EC8872AEAC5}
		{38049565-5878-4DD9-BAA2-4B259004BAD9} = {EA218475-F90E-400D-B13A-5EC8872AEAC5}
		{5AB1155F-9669-4DFD-B92E-C00D8C15373D} = {EA218475-F90E-400D-B13A-5EC8872AEAC5}
		{76743919-DF32-457F-A8AF-9E9BFBB27401} = {5AB1155F-9669-4DFD-B92E-C00D8C15373D}
		{AF8FB7A5-30B3-4899-92DD-50E2C986386B} = {5AB1155F-9669-4DFD-B92E-C00D8C15373D}
		{EABD25CC-5727-455F-88A5-56FA3E252F48} = {EC7EF841-2945-40E0-9CB3-0FF807FC2B6E}
	EndGlobalSection
EndGlobal
