
Microsoft Visual Studio Solution File, Format Version 12.00
# Visual Studio 15
VisualStudioVersion = 15.0.26124.0
MinimumVisualStudioVersion = 15.0.26124.0
Project("{2150E333-8FDC-42A3-9474-1A3956D46DE8}") = "src", "src", "{2B3ECF3B-28B0-42CD-AE4D-81CEBE81647D}"
EndProject
Project("{FAE04EC0-301F-11D3-BF4B-00C04F79EFBC}") = "Jhipster", "src\Jhipster\Jhipster.csproj", "{B7FF8BF9-0E8F-474B-A636-403300A6BE22}"
EndProject
Project("{2150E333-8FDC-42A3-9474-1A3956D46DE8}") = "test", "test", "{19D7E5EC-EF13-4130-A20A-3A3669A246D6}"
EndProject
Project("{FAE04EC0-301F-11D3-BF4B-00C04F79EFBC}") = "Jhipster.Test", "test\Jhipster.Test\Jhipster.Test.csproj", "{186F1309-F0E2-498C-A9A6-F52C3EB42085}"
EndProject
Project("{FAE04EC0-301F-11D3-BF4B-00C04F79EFBC}") = "Jhipster.Crosscutting", "src\Jhipster.Crosscutting\Jhipster.Crosscutting.csproj", "{DC089B5A-8C35-4346-BC30-5F6D2A6A24A5}"
EndProject
Project("{FAE04EC0-301F-11D3-BF4B-00C04F79EFBC}") = "Jhipster.Domain", "src\Jhipster.Domain\Jhipster.Domain.csproj", "{B3284600-1ECC-4018-99D3-6A975CA99888}"
EndProject
Project("{FAE04EC0-301F-11D3-BF4B-00C04F79EFBC}") = "Jhipster.Dto", "src\Jhipster.Dto\Jhipster.Dto.csproj", "{02533872-3A3D-41FB-A50B-FA80BD3F2E75}"
EndProject
Project("{FAE04EC0-301F-11D3-BF4B-00C04F79EFBC}") = "Jhipster.Domain.Services", "src\Jhipster.Domain.Services\Jhipster.Domain.Services.csproj", "{14966728-53DB-43BC-9886-414E476CB5E0}"
EndProject
Project("{FAE04EC0-301F-11D3-BF4B-00C04F79EFBC}") = "Jhipster.Infrastructure", "src\Jhipster.Infrastructure\Jhipster.Infrastructure.csproj", "{8E5E1C69-18A3-499E-9EE8-38DD3CD085F2}"
EndProject
Project("{2150E333-8FDC-42A3-9474-1A3956D46DE8}") = "client", "client", "{21E43717-C887-4FED-954F-CC228667A785}"
EndProject
Project("{FAE04EC0-301F-11D3-BF4B-00C04F79EFBC}") = "Jhipster.Client", "src\client\Jhipster.Client\Jhipster.Client.csproj", "{B13A4ADA-D76E-4306-B748-A4EC5361B92D}"
EndProject
Project("{FAE04EC0-301F-11D3-BF4B-00C04F79EFBC}") = "Jhipster.Client.Shared", "src\client\Jhipster.Client.Shared\Jhipster.Client.Shared.csproj", "{91F74605-2BA0-4BD8-9BDC-31654F6EF217}"
EndProject
Project("{FAE04EC0-301F-11D3-BF4B-00C04F79EFBC}") = "Jhipster.Client.Test", "test\Jhipster.Client.Test\Jhipster.Client.Test.csproj", "{2FD68D2A-A0EB-47CF-8FCD-8219042F6DD3}"
EndProject
Global
	GlobalSection(SolutionConfigurationPlatforms) = preSolution
		Debug|Any CPU = Debug|Any CPU
		Debug|x64 = Debug|x64
		Debug|x86 = Debug|x86
		Release|Any CPU = Release|Any CPU
		Release|x64 = Release|x64
		Release|x86 = Release|x86
	EndGlobalSection
	GlobalSection(SolutionProperties) = preSolution
		HideSolutionNode = FALSE
	EndGlobalSection
	GlobalSection(ProjectConfigurationPlatforms) = postSolution
		{B7FF8BF9-0E8F-474B-A636-403300A6BE22}.Debug|Any CPU.ActiveCfg = Debug|Any CPU
		{B7FF8BF9-0E8F-474B-A636-403300A6BE22}.Debug|Any CPU.Build.0 = Debug|Any CPU
		{B7FF8BF9-0E8F-474B-A636-403300A6BE22}.Debug|x64.ActiveCfg = Debug|Any CPU
		{B7FF8BF9-0E8F-474B-A636-403300A6BE22}.Debug|x64.Build.0 = Debug|Any CPU
		{B7FF8BF9-0E8F-474B-A636-403300A6BE22}.Debug|x86.ActiveCfg = Debug|Any CPU
		{B7FF8BF9-0E8F-474B-A636-403300A6BE22}.Debug|x86.Build.0 = Debug|Any CPU
		{B7FF8BF9-0E8F-474B-A636-403300A6BE22}.Release|Any CPU.ActiveCfg = Release|Any CPU
		{B7FF8BF9-0E8F-474B-A636-403300A6BE22}.Release|Any CPU.Build.0 = Release|Any CPU
		{B7FF8BF9-0E8F-474B-A636-403300A6BE22}.Release|x64.ActiveCfg = Release|Any CPU
		{B7FF8BF9-0E8F-474B-A636-403300A6BE22}.Release|x64.Build.0 = Release|Any CPU
		{B7FF8BF9-0E8F-474B-A636-403300A6BE22}.Release|x86.ActiveCfg = Release|Any CPU
		{B7FF8BF9-0E8F-474B-A636-403300A6BE22}.Release|x86.Build.0 = Release|Any CPU
		{186F1309-F0E2-498C-A9A6-F52C3EB42085}.Debug|Any CPU.ActiveCfg = Debug|Any CPU
		{186F1309-F0E2-498C-A9A6-F52C3EB42085}.Debug|Any CPU.Build.0 = Debug|Any CPU
		{186F1309-F0E2-498C-A9A6-F52C3EB42085}.Debug|x64.ActiveCfg = Debug|Any CPU
		{186F1309-F0E2-498C-A9A6-F52C3EB42085}.Debug|x64.Build.0 = Debug|Any CPU
		{186F1309-F0E2-498C-A9A6-F52C3EB42085}.Debug|x86.ActiveCfg = Debug|Any CPU
		{186F1309-F0E2-498C-A9A6-F52C3EB42085}.Debug|x86.Build.0 = Debug|Any CPU
		{186F1309-F0E2-498C-A9A6-F52C3EB42085}.Release|Any CPU.ActiveCfg = Release|Any CPU
		{186F1309-F0E2-498C-A9A6-F52C3EB42085}.Release|Any CPU.Build.0 = Release|Any CPU
		{186F1309-F0E2-498C-A9A6-F52C3EB42085}.Release|x64.ActiveCfg = Release|Any CPU
		{186F1309-F0E2-498C-A9A6-F52C3EB42085}.Release|x64.Build.0 = Release|Any CPU
		{186F1309-F0E2-498C-A9A6-F52C3EB42085}.Release|x86.ActiveCfg = Release|Any CPU
		{186F1309-F0E2-498C-A9A6-F52C3EB42085}.Release|x86.Build.0 = Release|Any CPU
		{DC089B5A-8C35-4346-BC30-5F6D2A6A24A5}.Debug|Any CPU.ActiveCfg = Debug|Any CPU
		{DC089B5A-8C35-4346-BC30-5F6D2A6A24A5}.Debug|Any CPU.Build.0 = Debug|Any CPU
		{DC089B5A-8C35-4346-BC30-5F6D2A6A24A5}.Debug|x64.ActiveCfg = Debug|Any CPU
		{DC089B5A-8C35-4346-BC30-5F6D2A6A24A5}.Debug|x64.Build.0 = Debug|Any CPU
		{DC089B5A-8C35-4346-BC30-5F6D2A6A24A5}.Debug|x86.ActiveCfg = Debug|Any CPU
		{DC089B5A-8C35-4346-BC30-5F6D2A6A24A5}.Debug|x86.Build.0 = Debug|Any CPU
		{DC089B5A-8C35-4346-BC30-5F6D2A6A24A5}.Release|Any CPU.ActiveCfg = Release|Any CPU
		{DC089B5A-8C35-4346-BC30-5F6D2A6A24A5}.Release|Any CPU.Build.0 = Release|Any CPU
		{DC089B5A-8C35-4346-BC30-5F6D2A6A24A5}.Release|x64.ActiveCfg = Release|Any CPU
		{DC089B5A-8C35-4346-BC30-5F6D2A6A24A5}.Release|x64.Build.0 = Release|Any CPU
		{DC089B5A-8C35-4346-BC30-5F6D2A6A24A5}.Release|x86.ActiveCfg = Release|Any CPU
		{DC089B5A-8C35-4346-BC30-5F6D2A6A24A5}.Release|x86.Build.0 = Release|Any CPU
		{B3284600-1ECC-4018-99D3-6A975CA99888}.Debug|Any CPU.ActiveCfg = Debug|Any CPU
		{B3284600-1ECC-4018-99D3-6A975CA99888}.Debug|Any CPU.Build.0 = Debug|Any CPU
		{B3284600-1ECC-4018-99D3-6A975CA99888}.Debug|x64.ActiveCfg = Debug|Any CPU
		{B3284600-1ECC-4018-99D3-6A975CA99888}.Debug|x64.Build.0 = Debug|Any CPU
		{B3284600-1ECC-4018-99D3-6A975CA99888}.Debug|x86.ActiveCfg = Debug|Any CPU
		{B3284600-1ECC-4018-99D3-6A975CA99888}.Debug|x86.Build.0 = Debug|Any CPU
		{B3284600-1ECC-4018-99D3-6A975CA99888}.Release|Any CPU.ActiveCfg = Release|Any CPU
		{B3284600-1ECC-4018-99D3-6A975CA99888}.Release|Any CPU.Build.0 = Release|Any CPU
		{B3284600-1ECC-4018-99D3-6A975CA99888}.Release|x64.ActiveCfg = Release|Any CPU
		{B3284600-1ECC-4018-99D3-6A975CA99888}.Release|x64.Build.0 = Release|Any CPU
		{B3284600-1ECC-4018-99D3-6A975CA99888}.Release|x86.ActiveCfg = Release|Any CPU
		{B3284600-1ECC-4018-99D3-6A975CA99888}.Release|x86.Build.0 = Release|Any CPU
		{02533872-3A3D-41FB-A50B-FA80BD3F2E75}.Debug|Any CPU.ActiveCfg = Debug|Any CPU
		{02533872-3A3D-41FB-A50B-FA80BD3F2E75}.Debug|Any CPU.Build.0 = Debug|Any CPU
		{02533872-3A3D-41FB-A50B-FA80BD3F2E75}.Debug|x64.ActiveCfg = Debug|Any CPU
		{02533872-3A3D-41FB-A50B-FA80BD3F2E75}.Debug|x64.Build.0 = Debug|Any CPU
		{02533872-3A3D-41FB-A50B-FA80BD3F2E75}.Debug|x86.ActiveCfg = Debug|Any CPU
		{02533872-3A3D-41FB-A50B-FA80BD3F2E75}.Debug|x86.Build.0 = Debug|Any CPU
		{02533872-3A3D-41FB-A50B-FA80BD3F2E75}.Release|Any CPU.ActiveCfg = Release|Any CPU
		{02533872-3A3D-41FB-A50B-FA80BD3F2E75}.Release|Any CPU.Build.0 = Release|Any CPU
		{02533872-3A3D-41FB-A50B-FA80BD3F2E75}.Release|x64.ActiveCfg = Release|Any CPU
		{02533872-3A3D-41FB-A50B-FA80BD3F2E75}.Release|x64.Build.0 = Release|Any CPU
		{02533872-3A3D-41FB-A50B-FA80BD3F2E75}.Release|x86.ActiveCfg = Release|Any CPU
		{02533872-3A3D-41FB-A50B-FA80BD3F2E75}.Release|x86.Build.0 = Release|Any CPU
		{14966728-53DB-43BC-9886-414E476CB5E0}.Debug|Any CPU.ActiveCfg = Debug|Any CPU
		{14966728-53DB-43BC-9886-414E476CB5E0}.Debug|Any CPU.Build.0 = Debug|Any CPU
		{14966728-53DB-43BC-9886-414E476CB5E0}.Debug|x64.ActiveCfg = Debug|Any CPU
		{14966728-53DB-43BC-9886-414E476CB5E0}.Debug|x64.Build.0 = Debug|Any CPU
		{14966728-53DB-43BC-9886-414E476CB5E0}.Debug|x86.ActiveCfg = Debug|Any CPU
		{14966728-53DB-43BC-9886-414E476CB5E0}.Debug|x86.Build.0 = Debug|Any CPU
		{14966728-53DB-43BC-9886-414E476CB5E0}.Release|Any CPU.ActiveCfg = Release|Any CPU
		{14966728-53DB-43BC-9886-414E476CB5E0}.Release|Any CPU.Build.0 = Release|Any CPU
		{14966728-53DB-43BC-9886-414E476CB5E0}.Release|x64.ActiveCfg = Release|Any CPU
		{14966728-53DB-43BC-9886-414E476CB5E0}.Release|x64.Build.0 = Release|Any CPU
		{14966728-53DB-43BC-9886-414E476CB5E0}.Release|x86.ActiveCfg = Release|Any CPU
		{14966728-53DB-43BC-9886-414E476CB5E0}.Release|x86.Build.0 = Release|Any CPU
		{8E5E1C69-18A3-499E-9EE8-38DD3CD085F2}.Debug|Any CPU.ActiveCfg = Debug|Any CPU
		{8E5E1C69-18A3-499E-9EE8-38DD3CD085F2}.Debug|Any CPU.Build.0 = Debug|Any CPU
		{8E5E1C69-18A3-499E-9EE8-38DD3CD085F2}.Debug|x64.ActiveCfg = Debug|Any CPU
		{8E5E1C69-18A3-499E-9EE8-38DD3CD085F2}.Debug|x64.Build.0 = Debug|Any CPU
		{8E5E1C69-18A3-499E-9EE8-38DD3CD085F2}.Debug|x86.ActiveCfg = Debug|Any CPU
		{8E5E1C69-18A3-499E-9EE8-38DD3CD085F2}.Debug|x86.Build.0 = Debug|Any CPU
		{8E5E1C69-18A3-499E-9EE8-38DD3CD085F2}.Release|Any CPU.ActiveCfg = Release|Any CPU
		{8E5E1C69-18A3-499E-9EE8-38DD3CD085F2}.Release|Any CPU.Build.0 = Release|Any CPU
		{8E5E1C69-18A3-499E-9EE8-38DD3CD085F2}.Release|x64.ActiveCfg = Release|Any CPU
		{8E5E1C69-18A3-499E-9EE8-38DD3CD085F2}.Release|x64.Build.0 = Release|Any CPU
		{8E5E1C69-18A3-499E-9EE8-38DD3CD085F2}.Release|x86.ActiveCfg = Release|Any CPU
		{8E5E1C69-18A3-499E-9EE8-38DD3CD085F2}.Release|x86.Build.0 = Release|Any CPU
		{B13A4ADA-D76E-4306-B748-A4EC5361B92D}.Debug|Any CPU.ActiveCfg = Debug|Any CPU
		{B13A4ADA-D76E-4306-B748-A4EC5361B92D}.Debug|Any CPU.Build.0 = Debug|Any CPU
		{B13A4ADA-D76E-4306-B748-A4EC5361B92D}.Debug|x64.ActiveCfg = Debug|Any CPU
		{B13A4ADA-D76E-4306-B748-A4EC5361B92D}.Debug|x64.Build.0 = Debug|Any CPU
		{B13A4ADA-D76E-4306-B748-A4EC5361B92D}.Debug|x86.ActiveCfg = Debug|Any CPU
		{B13A4ADA-D76E-4306-B748-A4EC5361B92D}.Debug|x86.Build.0 = Debug|Any CPU
		{B13A4ADA-D76E-4306-B748-A4EC5361B92D}.Release|Any CPU.ActiveCfg = Release|Any CPU
		{B13A4ADA-D76E-4306-B748-A4EC5361B92D}.Release|Any CPU.Build.0 = Release|Any CPU
		{B13A4ADA-D76E-4306-B748-A4EC5361B92D}.Release|x64.ActiveCfg = Release|Any CPU
		{B13A4ADA-D76E-4306-B748-A4EC5361B92D}.Release|x64.Build.0 = Release|Any CPU
		{B13A4ADA-D76E-4306-B748-A4EC5361B92D}.Release|x86.ActiveCfg = Release|Any CPU
		{B13A4ADA-D76E-4306-B748-A4EC5361B92D}.Release|x86.Build.0 = Release|Any CPU
		{91F74605-2BA0-4BD8-9BDC-31654F6EF217}.Debug|Any CPU.ActiveCfg = Debug|Any CPU
		{91F74605-2BA0-4BD8-9BDC-31654F6EF217}.Debug|Any CPU.Build.0 = Debug|Any CPU
		{91F74605-2BA0-4BD8-9BDC-31654F6EF217}.Debug|x64.ActiveCfg = Debug|Any CPU
		{91F74605-2BA0-4BD8-9BDC-31654F6EF217}.Debug|x64.Build.0 = Debug|Any CPU
		{91F74605-2BA0-4BD8-9BDC-31654F6EF217}.Debug|x86.ActiveCfg = Debug|Any CPU
		{91F74605-2BA0-4BD8-9BDC-31654F6EF217}.Debug|x86.Build.0 = Debug|Any CPU
		{91F74605-2BA0-4BD8-9BDC-31654F6EF217}.Release|Any CPU.ActiveCfg = Release|Any CPU
		{91F74605-2BA0-4BD8-9BDC-31654F6EF217}.Release|Any CPU.Build.0 = Release|Any CPU
		{91F74605-2BA0-4BD8-9BDC-31654F6EF217}.Release|x64.ActiveCfg = Release|Any CPU
		{91F74605-2BA0-4BD8-9BDC-31654F6EF217}.Release|x64.Build.0 = Release|Any CPU
		{91F74605-2BA0-4BD8-9BDC-31654F6EF217}.Release|x86.ActiveCfg = Release|Any CPU
		{91F74605-2BA0-4BD8-9BDC-31654F6EF217}.Release|x86.Build.0 = Release|Any CPU
		{2FD68D2A-A0EB-47CF-8FCD-8219042F6DD3}.Debug|Any CPU.ActiveCfg = Debug|Any CPU
		{2FD68D2A-A0EB-47CF-8FCD-8219042F6DD3}.Debug|Any CPU.Build.0 = Debug|Any CPU
		{2FD68D2A-A0EB-47CF-8FCD-8219042F6DD3}.Debug|x64.ActiveCfg = Debug|Any CPU
		{2FD68D2A-A0EB-47CF-8FCD-8219042F6DD3}.Debug|x64.Build.0 = Debug|Any CPU
		{2FD68D2A-A0EB-47CF-8FCD-8219042F6DD3}.Debug|x86.ActiveCfg = Debug|Any CPU
		{2FD68D2A-A0EB-47CF-8FCD-8219042F6DD3}.Debug|x86.Build.0 = Debug|Any CPU
		{2FD68D2A-A0EB-47CF-8FCD-8219042F6DD3}.Release|Any CPU.ActiveCfg = Release|Any CPU
		{2FD68D2A-A0EB-47CF-8FCD-8219042F6DD3}.Release|Any CPU.Build.0 = Release|Any CPU
		{2FD68D2A-A0EB-47CF-8FCD-8219042F6DD3}.Release|x64.ActiveCfg = Release|Any CPU
		{2FD68D2A-A0EB-47CF-8FCD-8219042F6DD3}.Release|x64.Build.0 = Release|Any CPU
		{2FD68D2A-A0EB-47CF-8FCD-8219042F6DD3}.Release|x86.ActiveCfg = Release|Any CPU
		{2FD68D2A-A0EB-47CF-8FCD-8219042F6DD3}.Release|x86.Build.0 = Release|Any CPU
	EndGlobalSection
	GlobalSection(NestedProjects) = preSolution
		{B7FF8BF9-0E8F-474B-A636-403300A6BE22} = {2B3ECF3B-28B0-42CD-AE4D-81CEBE81647D}
		{186F1309-F0E2-498C-A9A6-F52C3EB42085} = {19D7E5EC-EF13-4130-A20A-3A3669A246D6}
		{DC089B5A-8C35-4346-BC30-5F6D2A6A24A5} = {2B3ECF3B-28B0-42CD-AE4D-81CEBE81647D}
		{B3284600-1ECC-4018-99D3-6A975CA99888} = {2B3ECF3B-28B0-42CD-AE4D-81CEBE81647D}
		{02533872-3A3D-41FB-A50B-FA80BD3F2E75} = {2B3ECF3B-28B0-42CD-AE4D-81CEBE81647D}
		{14966728-53DB-43BC-9886-414E476CB5E0} = {2B3ECF3B-28B0-42CD-AE4D-81CEBE81647D}
		{8E5E1C69-18A3-499E-9EE8-38DD3CD085F2} = {2B3ECF3B-28B0-42CD-AE4D-81CEBE81647D}
		{21E43717-C887-4FED-954F-CC228667A785} = {2B3ECF3B-28B0-42CD-AE4D-81CEBE81647D}
		{B13A4ADA-D76E-4306-B748-A4EC5361B92D} = {21E43717-C887-4FED-954F-CC228667A785}
		{91F74605-2BA0-4BD8-9BDC-31654F6EF217} = {21E43717-C887-4FED-954F-CC228667A785}
		{2FD68D2A-A0EB-47CF-8FCD-8219042F6DD3} = {19D7E5EC-EF13-4130-A20A-3A3669A246D6}
	EndGlobalSection
EndGlobal
